{
  "name": "mysql2",
  "version": "3.6.1",
  "lockfileVersion": 3,
  "requires": true,
  "packages": {
    "": {
      "name": "mysql2",
      "version": "3.6.1",
      "license": "ISC",
      "dependencies": {
        "express": "^4.19.2",
        "mysql2": "^3.6.1"
      }
    },
    "node_modules/express": {
      "version": "4.19.2",
      "resolved": "https://registry.npmjs.org/express/-/express-4.19.2.tgz",
      "integrity": "sha512-5T6nhjsT+EOMzuck8JjBHARTHfMht0POzlA60WV2pMD3gyXw2LZnZ+ueGdNxG+0calOJcWKbpFcuzLZ91YWq9Q==",
      "dependencies": {
        "body-parser": "1.20.2",
        "qs": "6.11.0"
      }
    },
    "node_modules/mysql2": {
      "version": "3.6.1",
      "resolved": "https://registry.npmjs.org/mysql2/-/mysql2-3.6.1.tgz",
      "integrity": "sha512-O7FXjLtNkjcMBpLURwkXIhyVbX9i4lq4nNRCykPNOXfceq94kJ0miagmTEGCZieuO8JtwtXaZ41U6KT4eF9y3g=="
    }
  }
}
